
Microsoft Visual Studio Solution File, Format Version 12.00
# Visual Studio Version 16
VisualStudioVersion = 16.0.32602.291
MinimumVisualStudioVersion = 10.0.40219.1
Project("{FAE04EC0-301F-11D3-BF4B-00C04F79EFBC}") = "StudentList", "StudentList\StudentList.csproj", "{D40534AE-8943-4FDF-8917-E1AAF962DCC1}"
EndProject
Global
	GlobalSection(SolutionConfigurationPlatforms) = preSolution
		Debug|Any CPU = Debug|Any CPU
		Release|Any CPU = Release|Any CPU
	EndGlobalSection
	GlobalSection(ProjectConfigurationPlatforms) = postSolution
		{D40534AE-8943-4FDF-8917-E1AAF962DCC1}.Debug|Any CPU.ActiveCfg = Debug|Any CPU
		{D40534AE-8943-4FDF-8917-E1AAF962DCC1}.Debug|Any CPU.Build.0 = Debug|Any CPU
		{D40534AE-8943-4FDF-8917-E1AAF962DCC1}.Release|Any CPU.ActiveCfg = Release|Any CPU
		{D40534AE-8943-4FDF-8917-E1AAF962DCC1}.Release|Any CPU.Build.0 = Release|Any CPU
	EndGlobalSection
	GlobalSection(SolutionProperties) = preSolution
		HideSolutionNode = FALSE
	EndGlobalSection
	GlobalSection(ExtensibilityGlobals) = postSolution
		SolutionGuid = {DA705F86-5E99-4AC2-AD5D-2D02E429D5F9}
	EndGlobalSection
EndGlobal
