
Microsoft Visual Studio Solution File, Format Version 12.00
# Visual Studio Version 16
VisualStudioVersion = 16.0.32602.291
MinimumVisualStudioVersion = 10.0.40219.1
Project("{FAE04EC0-301F-11D3-BF4B-00C04F79EFBC}") = "StringDemo", "StringDemo\StringDemo.csproj", "{718D9F3E-AAE1-4F3A-B1BC-CD051F4BB159}"
EndProject
Global
	GlobalSection(SolutionConfigurationPlatforms) = preSolution
		Debug|Any CPU = Debug|Any CPU
		Release|Any CPU = Release|Any CPU
	EndGlobalSection
	GlobalSection(ProjectConfigurationPlatforms) = postSolution
		{718D9F3E-AAE1-4F3A-B1BC-CD051F4BB159}.Debug|Any CPU.ActiveCfg = Debug|Any CPU
		{718D9F3E-AAE1-4F3A-B1BC-CD051F4BB159}.Debug|Any CPU.Build.0 = Debug|Any CPU
		{718D9F3E-AAE1-4F3A-B1BC-CD051F4BB159}.Release|Any CPU.ActiveCfg = Release|Any CPU
		{718D9F3E-AAE1-4F3A-B1BC-CD051F4BB159}.Release|Any CPU.Build.0 = Release|Any CPU
	EndGlobalSection
	GlobalSection(SolutionProperties) = preSolution
		HideSolutionNode = FALSE
	EndGlobalSection
	GlobalSection(ExtensibilityGlobals) = postSolution
		SolutionGuid = {C1B995CA-BB48-4371-A9D4-0E3660AF4760}
	EndGlobalSection
EndGlobal
