
Microsoft Visual Studio Solution File, Format Version 12.00
# Visual Studio Version 16
VisualStudioVersion = 16.0.32602.291
MinimumVisualStudioVersion = 10.0.40219.1
Project("{FAE04EC0-301F-11D3-BF4B-00C04F79EFBC}") = "ICollectionDemo", "ICollectionDemo\ICollectionDemo.csproj", "{C8FB3092-C5B1-4848-8F32-7EA46F8FF904}"
EndProject
Global
	GlobalSection(SolutionConfigurationPlatforms) = preSolution
		Debug|Any CPU = Debug|Any CPU
		Release|Any CPU = Release|Any CPU
	EndGlobalSection
	GlobalSection(ProjectConfigurationPlatforms) = postSolution
		{C8FB3092-C5B1-4848-8F32-7EA46F8FF904}.Debug|Any CPU.ActiveCfg = Debug|Any CPU
		{C8FB3092-C5B1-4848-8F32-7EA46F8FF904}.Debug|Any CPU.Build.0 = Debug|Any CPU
		{C8FB3092-C5B1-4848-8F32-7EA46F8FF904}.Release|Any CPU.ActiveCfg = Release|Any CPU
		{C8FB3092-C5B1-4848-8F32-7EA46F8FF904}.Release|Any CPU.Build.0 = Release|Any CPU
	EndGlobalSection
	GlobalSection(SolutionProperties) = preSolution
		HideSolutionNode = FALSE
	EndGlobalSection
	GlobalSection(ExtensibilityGlobals) = postSolution
		SolutionGuid = {D8567BC3-F313-48CD-801C-EE47114ECF74}
	EndGlobalSection
EndGlobal
