
Microsoft Visual Studio Solution File, Format Version 12.00
# Visual Studio Version 16
VisualStudioVersion = 16.0.32602.291
MinimumVisualStudioVersion = 10.0.40219.1
Project("{FAE04EC0-301F-11D3-BF4B-00C04F79EFBC}") = "AgeExceptionAssignment", "AgeExceptionAssignment\AgeExceptionAssignment.csproj", "{31BAAC97-F383-469E-87D7-E6EAB780F66E}"
EndProject
Global
	GlobalSection(SolutionConfigurationPlatforms) = preSolution
		Debug|Any CPU = Debug|Any CPU
		Release|Any CPU = Release|Any CPU
	EndGlobalSection
	GlobalSection(ProjectConfigurationPlatforms) = postSolution
		{31BAAC97-F383-469E-87D7-E6EAB780F66E}.Debug|Any CPU.ActiveCfg = Debug|Any CPU
		{31BAAC97-F383-469E-87D7-E6EAB780F66E}.Debug|Any CPU.Build.0 = Debug|Any CPU
		{31BAAC97-F383-469E-87D7-E6EAB780F66E}.Release|Any CPU.ActiveCfg = Release|Any CPU
		{31BAAC97-F383-469E-87D7-E6EAB780F66E}.Release|Any CPU.Build.0 = Release|Any CPU
	EndGlobalSection
	GlobalSection(SolutionProperties) = preSolution
		HideSolutionNode = FALSE
	EndGlobalSection
	GlobalSection(ExtensibilityGlobals) = postSolution
		SolutionGuid = {1FAF11F6-7841-4A06-8F9E-A66750D96718}
	EndGlobalSection
EndGlobal
