
Microsoft Visual Studio Solution File, Format Version 12.00
# Visual Studio Version 16
VisualStudioVersion = 16.0.32602.291
MinimumVisualStudioVersion = 10.0.40219.1
Project("{9A19103F-16F7-4668-BE54-9A1E7A4F7556}") = "Day2Assignment", "Day2Assignment\Day2Assignment.csproj", "{2FBC1999-C761-4B60-91DC-C701A8594957}"
EndProject
Project("{FAE04EC0-301F-11D3-BF4B-00C04F79EFBC}") = "ConsoleTable", "ConsoleTable\ConsoleTable.csproj", "{93100EF3-2898-4EA1-8E5B-97FCEFDAFCFD}"
EndProject
Global
	GlobalSection(SolutionConfigurationPlatforms) = preSolution
		Debug|Any CPU = Debug|Any CPU
		Release|Any CPU = Release|Any CPU
	EndGlobalSection
	GlobalSection(ProjectConfigurationPlatforms) = postSolution
		{2FBC1999-C761-4B60-91DC-C701A8594957}.Debug|Any CPU.ActiveCfg = Debug|Any CPU
		{2FBC1999-C761-4B60-91DC-C701A8594957}.Debug|Any CPU.Build.0 = Debug|Any CPU
		{2FBC1999-C761-4B60-91DC-C701A8594957}.Release|Any CPU.ActiveCfg = Release|Any CPU
		{2FBC1999-C761-4B60-91DC-C701A8594957}.Release|Any CPU.Build.0 = Release|Any CPU
		{93100EF3-2898-4EA1-8E5B-97FCEFDAFCFD}.Debug|Any CPU.ActiveCfg = Debug|Any CPU
		{93100EF3-2898-4EA1-8E5B-97FCEFDAFCFD}.Debug|Any CPU.Build.0 = Debug|Any CPU
		{93100EF3-2898-4EA1-8E5B-97FCEFDAFCFD}.Release|Any CPU.ActiveCfg = Release|Any CPU
		{93100EF3-2898-4EA1-8E5B-97FCEFDAFCFD}.Release|Any CPU.Build.0 = Release|Any CPU
	EndGlobalSection
	GlobalSection(SolutionProperties) = preSolution
		HideSolutionNode = FALSE
	EndGlobalSection
	GlobalSection(ExtensibilityGlobals) = postSolution
		SolutionGuid = {2EAC6833-EE42-4E66-BBD2-EDB798DE5CF3}
	EndGlobalSection
EndGlobal
