
Microsoft Visual Studio Solution File, Format Version 12.00
# Visual Studio Version 16
VisualStudioVersion = 16.0.32602.291
MinimumVisualStudioVersion = 10.0.40219.1
Project("{FAE04EC0-301F-11D3-BF4B-00C04F79EFBC}") = "Calculator", "Calculator\Calculator.csproj", "{DAE49D4E-3F90-4D42-B1AC-623DCB9F8630}"
EndProject
Global
	GlobalSection(SolutionConfigurationPlatforms) = preSolution
		Debug|Any CPU = Debug|Any CPU
		Release|Any CPU = Release|Any CPU
	EndGlobalSection
	GlobalSection(ProjectConfigurationPlatforms) = postSolution
		{DAE49D4E-3F90-4D42-B1AC-623DCB9F8630}.Debug|Any CPU.ActiveCfg = Debug|Any CPU
		{DAE49D4E-3F90-4D42-B1AC-623DCB9F8630}.Debug|Any CPU.Build.0 = Debug|Any CPU
		{DAE49D4E-3F90-4D42-B1AC-623DCB9F8630}.Release|Any CPU.ActiveCfg = Release|Any CPU
		{DAE49D4E-3F90-4D42-B1AC-623DCB9F8630}.Release|Any CPU.Build.0 = Release|Any CPU
	EndGlobalSection
	GlobalSection(SolutionProperties) = preSolution
		HideSolutionNode = FALSE
	EndGlobalSection
	GlobalSection(ExtensibilityGlobals) = postSolution
		SolutionGuid = {50AA2276-7B1E-4556-B592-32779E72AC0E}
	EndGlobalSection
EndGlobal
