
Microsoft Visual Studio Solution File, Format Version 12.00
# Visual Studio Version 16
VisualStudioVersion = 16.0.32602.291
MinimumVisualStudioVersion = 10.0.40219.1
Project("{FAE04EC0-301F-11D3-BF4B-00C04F79EFBC}") = "AdvanceLINQPractice", "AdvanceLINQPractice\AdvanceLINQPractice.csproj", "{F098E5D3-3254-443D-A83A-C040E907117B}"
EndProject
Global
	GlobalSection(SolutionConfigurationPlatforms) = preSolution
		Debug|Any CPU = Debug|Any CPU
		Release|Any CPU = Release|Any CPU
	EndGlobalSection
	GlobalSection(ProjectConfigurationPlatforms) = postSolution
		{F098E5D3-3254-443D-A83A-C040E907117B}.Debug|Any CPU.ActiveCfg = Debug|Any CPU
		{F098E5D3-3254-443D-A83A-C040E907117B}.Debug|Any CPU.Build.0 = Debug|Any CPU
		{F098E5D3-3254-443D-A83A-C040E907117B}.Release|Any CPU.ActiveCfg = Release|Any CPU
		{F098E5D3-3254-443D-A83A-C040E907117B}.Release|Any CPU.Build.0 = Release|Any CPU
	EndGlobalSection
	GlobalSection(SolutionProperties) = preSolution
		HideSolutionNode = FALSE
	EndGlobalSection
	GlobalSection(ExtensibilityGlobals) = postSolution
		SolutionGuid = {3D731F41-4AB1-4A4E-BE16-57CDD2E5A680}
	EndGlobalSection
EndGlobal
