
Microsoft Visual Studio Solution File, Format Version 12.00
# Visual Studio Version 16
VisualStudioVersion = 16.0.32602.291
MinimumVisualStudioVersion = 10.0.40219.1
Project("{FAE04EC0-301F-11D3-BF4B-00C04F79EFBC}") = "CollectionDemo", "CollectionDemo\CollectionDemo.csproj", "{A4E5BD76-5A10-480B-B4F1-4928D9E8D2A8}"
EndProject
Global
	GlobalSection(SolutionConfigurationPlatforms) = preSolution
		Debug|Any CPU = Debug|Any CPU
		Release|Any CPU = Release|Any CPU
	EndGlobalSection
	GlobalSection(ProjectConfigurationPlatforms) = postSolution
		{A4E5BD76-5A10-480B-B4F1-4928D9E8D2A8}.Debug|Any CPU.ActiveCfg = Debug|Any CPU
		{A4E5BD76-5A10-480B-B4F1-4928D9E8D2A8}.Debug|Any CPU.Build.0 = Debug|Any CPU
		{A4E5BD76-5A10-480B-B4F1-4928D9E8D2A8}.Release|Any CPU.ActiveCfg = Release|Any CPU
		{A4E5BD76-5A10-480B-B4F1-4928D9E8D2A8}.Release|Any CPU.Build.0 = Release|Any CPU
	EndGlobalSection
	GlobalSection(SolutionProperties) = preSolution
		HideSolutionNode = FALSE
	EndGlobalSection
	GlobalSection(ExtensibilityGlobals) = postSolution
		SolutionGuid = {A37A9A40-4C71-4B05-84FC-DEB970212939}
	EndGlobalSection
EndGlobal
