
Microsoft Visual Studio Solution File, Format Version 12.00
# Visual Studio Version 16
VisualStudioVersion = 16.0.32602.291
MinimumVisualStudioVersion = 10.0.40219.1
Project("{FAE04EC0-301F-11D3-BF4B-00C04F79EFBC}") = "ToyCompanyAPI", "ToyCompanyAPI\ToyCompanyAPI.csproj", "{CE733185-E8AE-4FBE-BF4F-E8E753C3F59F}"
EndProject
Global
	GlobalSection(SolutionConfigurationPlatforms) = preSolution
		Debug|Any CPU = Debug|Any CPU
		Release|Any CPU = Release|Any CPU
	EndGlobalSection
	GlobalSection(ProjectConfigurationPlatforms) = postSolution
		{CE733185-E8AE-4FBE-BF4F-E8E753C3F59F}.Debug|Any CPU.ActiveCfg = Debug|Any CPU
		{CE733185-E8AE-4FBE-BF4F-E8E753C3F59F}.Debug|Any CPU.Build.0 = Debug|Any CPU
		{CE733185-E8AE-4FBE-BF4F-E8E753C3F59F}.Release|Any CPU.ActiveCfg = Release|Any CPU
		{CE733185-E8AE-4FBE-BF4F-E8E753C3F59F}.Release|Any CPU.Build.0 = Release|Any CPU
	EndGlobalSection
	GlobalSection(SolutionProperties) = preSolution
		HideSolutionNode = FALSE
	EndGlobalSection
	GlobalSection(ExtensibilityGlobals) = postSolution
		SolutionGuid = {5E13A6C8-FFDF-434B-A012-F2C32F90AAB7}
	EndGlobalSection
EndGlobal
