
Microsoft Visual Studio Solution File, Format Version 12.00
# Visual Studio Version 16
VisualStudioVersion = 16.0.32602.291
MinimumVisualStudioVersion = 10.0.40219.1
Project("{FAE04EC0-301F-11D3-BF4B-00C04F79EFBC}") = "MakeMyTripAPI", "MakeMyTripAPI\MakeMyTripAPI.csproj", "{1849DEBE-AEF4-4CE1-8425-529A9C80AD2E}"
EndProject
Global
	GlobalSection(SolutionConfigurationPlatforms) = preSolution
		Debug|Any CPU = Debug|Any CPU
		Release|Any CPU = Release|Any CPU
	EndGlobalSection
	GlobalSection(ProjectConfigurationPlatforms) = postSolution
		{1849DEBE-AEF4-4CE1-8425-529A9C80AD2E}.Debug|Any CPU.ActiveCfg = Debug|Any CPU
		{1849DEBE-AEF4-4CE1-8425-529A9C80AD2E}.Debug|Any CPU.Build.0 = Debug|Any CPU
		{1849DEBE-AEF4-4CE1-8425-529A9C80AD2E}.Release|Any CPU.ActiveCfg = Release|Any CPU
		{1849DEBE-AEF4-4CE1-8425-529A9C80AD2E}.Release|Any CPU.Build.0 = Release|Any CPU
	EndGlobalSection
	GlobalSection(SolutionProperties) = preSolution
		HideSolutionNode = FALSE
	EndGlobalSection
	GlobalSection(ExtensibilityGlobals) = postSolution
		SolutionGuid = {4F979856-041C-4DCB-83E2-E2DDB4BBD45D}
	EndGlobalSection
EndGlobal
