
Microsoft Visual Studio Solution File, Format Version 12.00
# Visual Studio Version 16
VisualStudioVersion = 16.0.32602.291
MinimumVisualStudioVersion = 10.0.40219.1
Project("{FAE04EC0-301F-11D3-BF4B-00C04F79EFBC}") = "ConsoleApp1", "ConsoleApp1\ConsoleApp1.csproj", "{06D7C792-7BFF-4372-B58A-84F574031320}"
EndProject
Global
	GlobalSection(SolutionConfigurationPlatforms) = preSolution
		Debug|Any CPU = Debug|Any CPU
		Release|Any CPU = Release|Any CPU
	EndGlobalSection
	GlobalSection(ProjectConfigurationPlatforms) = postSolution
		{06D7C792-7BFF-4372-B58A-84F574031320}.Debug|Any CPU.ActiveCfg = Debug|Any CPU
		{06D7C792-7BFF-4372-B58A-84F574031320}.Debug|Any CPU.Build.0 = Debug|Any CPU
		{06D7C792-7BFF-4372-B58A-84F574031320}.Release|Any CPU.ActiveCfg = Release|Any CPU
		{06D7C792-7BFF-4372-B58A-84F574031320}.Release|Any CPU.Build.0 = Release|Any CPU
	EndGlobalSection
	GlobalSection(SolutionProperties) = preSolution
		HideSolutionNode = FALSE
	EndGlobalSection
	GlobalSection(ExtensibilityGlobals) = postSolution
		SolutionGuid = {80B9E297-AA57-48AF-AF73-344AE77D0A8C}
	EndGlobalSection
EndGlobal
