
Microsoft Visual Studio Solution File, Format Version 12.00
# Visual Studio Version 16
VisualStudioVersion = 16.0.32602.291
MinimumVisualStudioVersion = 10.0.40219.1
Project("{FAE04EC0-301F-11D3-BF4B-00C04F79EFBC}") = "PolymorphismDemo", "PolymorphismDemo\PolymorphismDemo.csproj", "{0C8F1954-F509-42E9-80B9-6AC29BE865A7}"
EndProject
Global
	GlobalSection(SolutionConfigurationPlatforms) = preSolution
		Debug|Any CPU = Debug|Any CPU
		Release|Any CPU = Release|Any CPU
	EndGlobalSection
	GlobalSection(ProjectConfigurationPlatforms) = postSolution
		{0C8F1954-F509-42E9-80B9-6AC29BE865A7}.Debug|Any CPU.ActiveCfg = Debug|Any CPU
		{0C8F1954-F509-42E9-80B9-6AC29BE865A7}.Debug|Any CPU.Build.0 = Debug|Any CPU
		{0C8F1954-F509-42E9-80B9-6AC29BE865A7}.Release|Any CPU.ActiveCfg = Release|Any CPU
		{0C8F1954-F509-42E9-80B9-6AC29BE865A7}.Release|Any CPU.Build.0 = Release|Any CPU
	EndGlobalSection
	GlobalSection(SolutionProperties) = preSolution
		HideSolutionNode = FALSE
	EndGlobalSection
	GlobalSection(ExtensibilityGlobals) = postSolution
		SolutionGuid = {79A7F589-5C76-4F86-BC53-11CBEDB56F5A}
	EndGlobalSection
EndGlobal
