
Microsoft Visual Studio Solution File, Format Version 12.00
# Visual Studio Version 16
VisualStudioVersion = 16.0.32602.291
MinimumVisualStudioVersion = 10.0.40219.1
Project("{FAE04EC0-301F-11D3-BF4B-00C04F79EFBC}") = "ToyCompany", "ToyCompany\ToyCompany.csproj", "{98925873-07FA-4161-8371-F0400EBE9AA4}"
EndProject
Global
	GlobalSection(SolutionConfigurationPlatforms) = preSolution
		Debug|Any CPU = Debug|Any CPU
		Release|Any CPU = Release|Any CPU
	EndGlobalSection
	GlobalSection(ProjectConfigurationPlatforms) = postSolution
		{98925873-07FA-4161-8371-F0400EBE9AA4}.Debug|Any CPU.ActiveCfg = Debug|Any CPU
		{98925873-07FA-4161-8371-F0400EBE9AA4}.Debug|Any CPU.Build.0 = Debug|Any CPU
		{98925873-07FA-4161-8371-F0400EBE9AA4}.Release|Any CPU.ActiveCfg = Release|Any CPU
		{98925873-07FA-4161-8371-F0400EBE9AA4}.Release|Any CPU.Build.0 = Release|Any CPU
	EndGlobalSection
	GlobalSection(SolutionProperties) = preSolution
		HideSolutionNode = FALSE
	EndGlobalSection
	GlobalSection(ExtensibilityGlobals) = postSolution
		SolutionGuid = {81A9BA67-888F-4C52-B5E2-8508FA1B9504}
	EndGlobalSection
EndGlobal
