
Microsoft Visual Studio Solution File, Format Version 12.00
# Visual Studio Version 16
VisualStudioVersion = 16.0.32602.291
MinimumVisualStudioVersion = 10.0.40219.1
Project("{FAE04EC0-301F-11D3-BF4B-00C04F79EFBC}") = "LINQQuery", "LINQQuery\LINQQuery.csproj", "{A818A0B1-A74D-4539-BD51-584A8849CC9C}"
EndProject
Global
	GlobalSection(SolutionConfigurationPlatforms) = preSolution
		Debug|Any CPU = Debug|Any CPU
		Release|Any CPU = Release|Any CPU
	EndGlobalSection
	GlobalSection(ProjectConfigurationPlatforms) = postSolution
		{A818A0B1-A74D-4539-BD51-584A8849CC9C}.Debug|Any CPU.ActiveCfg = Debug|Any CPU
		{A818A0B1-A74D-4539-BD51-584A8849CC9C}.Debug|Any CPU.Build.0 = Debug|Any CPU
		{A818A0B1-A74D-4539-BD51-584A8849CC9C}.Release|Any CPU.ActiveCfg = Release|Any CPU
		{A818A0B1-A74D-4539-BD51-584A8849CC9C}.Release|Any CPU.Build.0 = Release|Any CPU
	EndGlobalSection
	GlobalSection(SolutionProperties) = preSolution
		HideSolutionNode = FALSE
	EndGlobalSection
	GlobalSection(ExtensibilityGlobals) = postSolution
		SolutionGuid = {89FBDB79-9BAD-4785-968A-675E40030420}
	EndGlobalSection
EndGlobal
